
Microsoft Visual Studio Solution File, Format Version 12.00
# Visual Studio Version 17
VisualStudioVersion = 17.4.33213.308
MinimumVisualStudioVersion = 10.0.40219.1
Project("{FAE04EC0-301F-11D3-BF4B-00C04F79EFBC}") = "Ecrans", "Ecrans\Ecrans.csproj", "{2103A8D3-C031-4DFF-83F5-B9FE7CB8C13F}"
EndProject
Global
	GlobalSection(SolutionConfigurationPlatforms) = preSolution
		Debug|Any CPU = Debug|Any CPU
		Release|Any CPU = Release|Any CPU
	EndGlobalSection
	GlobalSection(ProjectConfigurationPlatforms) = postSolution
		{2103A8D3-C031-4DFF-83F5-B9FE7CB8C13F}.Debug|Any CPU.ActiveCfg = Debug|Any CPU
		{2103A8D3-C031-4DFF-83F5-B9FE7CB8C13F}.Debug|Any CPU.Build.0 = Debug|Any CPU
		{2103A8D3-C031-4DFF-83F5-B9FE7CB8C13F}.Release|Any CPU.ActiveCfg = Release|Any CPU
		{2103A8D3-C031-4DFF-83F5-B9FE7CB8C13F}.Release|Any CPU.Build.0 = Release|Any CPU
	EndGlobalSection
	GlobalSection(SolutionProperties) = preSolution
		HideSolutionNode = FALSE
	EndGlobalSection
	GlobalSection(ExtensibilityGlobals) = postSolution
		SolutionGuid = {D9E74394-A7A2-4B91-ACCD-8341FBE49E14}
	EndGlobalSection
EndGlobal
